// !$*UTF8*$!
{
	archiveVersion = 1;
	classes = {
	};
	objectVersion = 56;
	objects = {

/* Begin PBXBuildFile section */
		4E5795CE2BDA489C00B8B846 /* ImageCache.swift in Sources */ = {isa = PBXBuildFile; fileRef = 4E5795CD2BDA489C00B8B846 /* ImageCache.swift */; };
		4E5795D12BDA492800B8B846 /* RemoteImage.swift in Sources */ = {isa = PBXBuildFile; fileRef = 4E5795D02BDA492800B8B846 /* RemoteImage.swift */; };
		4E5795D32BDA494C00B8B846 /* ImageLoader.swift in Sources */ = {isa = PBXBuildFile; fileRef = 4E5795D22BDA494C00B8B846 /* ImageLoader.swift */; };
		4E66C25D29BA0CCC00796E08 /* RickAndMortyApp.swift in Sources */ = {isa = PBXBuildFile; fileRef = 4E66C25C29BA0CCC00796E08 /* RickAndMortyApp.swift */; };
		4E66C25F29BA0CCC00796E08 /* ContentView.swift in Sources */ = {isa = PBXBuildFile; fileRef = 4E66C25E29BA0CCC00796E08 /* ContentView.swift */; };
		4E66C26129BA0CCE00796E08 /* Assets.xcassets in Resources */ = {isa = PBXBuildFile; fileRef = 4E66C26029BA0CCE00796E08 /* Assets.xcassets */; };
		4E66C26429BA0CCE00796E08 /* Preview Assets.xcassets in Resources */ = {isa = PBXBuildFile; fileRef = 4E66C26329BA0CCE00796E08 /* Preview Assets.xcassets */; };
		4E66C27029BA1DA700796E08 /* ListCharacterRepository.swift in Sources */ = {isa = PBXBuildFile; fileRef = 4E66C26F29BA1DA700796E08 /* ListCharacterRepository.swift */; };
		4E66C27229BA1DC400796E08 /* ListCharacterView.swift in Sources */ = {isa = PBXBuildFile; fileRef = 4E66C27129BA1DC400796E08 /* ListCharacterView.swift */; };
		4E66C27529BA1E0E00796E08 /* ListCharacterViewModel.swift in Sources */ = {isa = PBXBuildFile; fileRef = 4E66C27429BA1E0E00796E08 /* ListCharacterViewModel.swift */; };
		4E66C27729BA205C00796E08 /* ListCharacterUseCase.swift in Sources */ = {isa = PBXBuildFile; fileRef = 4E66C27629BA205C00796E08 /* ListCharacterUseCase.swift */; };
		4E66C27929BA265A00796E08 /* CharacterDTO.swift in Sources */ = {isa = PBXBuildFile; fileRef = 4E66C27829BA265A00796E08 /* CharacterDTO.swift */; };
		4E66C27B29BA44FB00796E08 /* ErrorApp.swift in Sources */ = {isa = PBXBuildFile; fileRef = 4E66C27A29BA44FB00796E08 /* ErrorApp.swift */; };
		4E66C28029BA4DEE00796E08 /* CharacterBO.swift in Sources */ = {isa = PBXBuildFile; fileRef = 4E66C27F29BA4DEE00796E08 /* CharacterBO.swift */; };
		4E66C28329BA4E6D00796E08 /* CharacterMapper.swift in Sources */ = {isa = PBXBuildFile; fileRef = 4E66C28229BA4E6D00796E08 /* CharacterMapper.swift */; };
		4E66C28929BA84E800796E08 /* RequestMapper.swift in Sources */ = {isa = PBXBuildFile; fileRef = 4E66C28829BA84E800796E08 /* RequestMapper.swift */; };
		4E66C28B29BA851900796E08 /* PageRequestBO.swift in Sources */ = {isa = PBXBuildFile; fileRef = 4E66C28A29BA851900796E08 /* PageRequestBO.swift */; };
		4E66C28F29BA855600796E08 /* InfoBO.swift in Sources */ = {isa = PBXBuildFile; fileRef = 4E66C28E29BA855600796E08 /* InfoBO.swift */; };
		4E66C29129BA857000796E08 /* InfoDTO.swift in Sources */ = {isa = PBXBuildFile; fileRef = 4E66C29029BA857000796E08 /* InfoDTO.swift */; };
		4E66C29329BA857F00796E08 /* PageRequestDTO.swift in Sources */ = {isa = PBXBuildFile; fileRef = 4E66C29229BA857F00796E08 /* PageRequestDTO.swift */; };
		4E66C29529BA859B00796E08 /* InfoMapper.swift in Sources */ = {isa = PBXBuildFile; fileRef = 4E66C29429BA859B00796E08 /* InfoMapper.swift */; };
		4E66C29929BB197400796E08 /* TextExtension.swift in Sources */ = {isa = PBXBuildFile; fileRef = 4E66C29829BB197400796E08 /* TextExtension.swift */; };
		4E66C29C29BB2C3500796E08 /* ColorExtension.swift in Sources */ = {isa = PBXBuildFile; fileRef = 4E66C29B29BB2C3500796E08 /* ColorExtension.swift */; };
		4E66C2A129BB443500796E08 /* CharacterDetailView.swift in Sources */ = {isa = PBXBuildFile; fileRef = 4E66C2A029BB443500796E08 /* CharacterDetailView.swift */; };
		4E66C2A329BB445000796E08 /* CharacterDetailViewModel.swift in Sources */ = {isa = PBXBuildFile; fileRef = 4E66C2A229BB445000796E08 /* CharacterDetailViewModel.swift */; };
		4E66C2A829BB8FC400796E08 /* ButtonExtension.swift in Sources */ = {isa = PBXBuildFile; fileRef = 4E66C2A729BB8FC400796E08 /* ButtonExtension.swift */; };
/* End PBXBuildFile section */

/* Begin PBXFileReference section */
		4E5795CD2BDA489C00B8B846 /* ImageCache.swift */ = {isa = PBXFileReference; lastKnownFileType = sourcecode.swift; path = ImageCache.swift; sourceTree = "<group>"; };
		4E5795D02BDA492800B8B846 /* RemoteImage.swift */ = {isa = PBXFileReference; lastKnownFileType = sourcecode.swift; path = RemoteImage.swift; sourceTree = "<group>"; };
		4E5795D22BDA494C00B8B846 /* ImageLoader.swift */ = {isa = PBXFileReference; lastKnownFileType = sourcecode.swift; path = ImageLoader.swift; sourceTree = "<group>"; };
		4E66C25929BA0CCC00796E08 /* RickAndMorty.app */ = {isa = PBXFileReference; explicitFileType = wrapper.application; includeInIndex = 0; path = RickAndMorty.app; sourceTree = BUILT_PRODUCTS_DIR; };
		4E66C25C29BA0CCC00796E08 /* RickAndMortyApp.swift */ = {isa = PBXFileReference; lastKnownFileType = sourcecode.swift; path = RickAndMortyApp.swift; sourceTree = "<group>"; };
		4E66C25E29BA0CCC00796E08 /* ContentView.swift */ = {isa = PBXFileReference; lastKnownFileType = sourcecode.swift; path = ContentView.swift; sourceTree = "<group>"; };
		4E66C26029BA0CCE00796E08 /* Assets.xcassets */ = {isa = PBXFileReference; lastKnownFileType = folder.assetcatalog; path = Assets.xcassets; sourceTree = "<group>"; };
		4E66C26329BA0CCE00796E08 /* Preview Assets.xcassets */ = {isa = PBXFileReference; lastKnownFileType = folder.assetcatalog; path = "Preview Assets.xcassets"; sourceTree = "<group>"; };
		4E66C26F29BA1DA700796E08 /* ListCharacterRepository.swift */ = {isa = PBXFileReference; lastKnownFileType = sourcecode.swift; path = ListCharacterRepository.swift; sourceTree = "<group>"; };
		4E66C27129BA1DC400796E08 /* ListCharacterView.swift */ = {isa = PBXFileReference; lastKnownFileType = sourcecode.swift; path = ListCharacterView.swift; sourceTree = "<group>"; };
		4E66C27429BA1E0E00796E08 /* ListCharacterViewModel.swift */ = {isa = PBXFileReference; lastKnownFileType = sourcecode.swift; path = ListCharacterViewModel.swift; sourceTree = "<group>"; };
		4E66C27629BA205C00796E08 /* ListCharacterUseCase.swift */ = {isa = PBXFileReference; lastKnownFileType = sourcecode.swift; path = ListCharacterUseCase.swift; sourceTree = "<group>"; };
		4E66C27829BA265A00796E08 /* CharacterDTO.swift */ = {isa = PBXFileReference; lastKnownFileType = sourcecode.swift; path = CharacterDTO.swift; sourceTree = "<group>"; };
		4E66C27A29BA44FB00796E08 /* ErrorApp.swift */ = {isa = PBXFileReference; lastKnownFileType = sourcecode.swift; path = ErrorApp.swift; sourceTree = "<group>"; };
		4E66C27F29BA4DEE00796E08 /* CharacterBO.swift */ = {isa = PBXFileReference; lastKnownFileType = sourcecode.swift; path = CharacterBO.swift; sourceTree = "<group>"; };
		4E66C28229BA4E6D00796E08 /* CharacterMapper.swift */ = {isa = PBXFileReference; lastKnownFileType = sourcecode.swift; path = CharacterMapper.swift; sourceTree = "<group>"; };
		4E66C28829BA84E800796E08 /* RequestMapper.swift */ = {isa = PBXFileReference; lastKnownFileType = sourcecode.swift; path = RequestMapper.swift; sourceTree = "<group>"; };
		4E66C28A29BA851900796E08 /* PageRequestBO.swift */ = {isa = PBXFileReference; lastKnownFileType = sourcecode.swift; path = PageRequestBO.swift; sourceTree = "<group>"; };
		4E66C28E29BA855600796E08 /* InfoBO.swift */ = {isa = PBXFileReference; lastKnownFileType = sourcecode.swift; path = InfoBO.swift; sourceTree = "<group>"; };
		4E66C29029BA857000796E08 /* InfoDTO.swift */ = {isa = PBXFileReference; lastKnownFileType = sourcecode.swift; path = InfoDTO.swift; sourceTree = "<group>"; };
		4E66C29229BA857F00796E08 /* PageRequestDTO.swift */ = {isa = PBXFileReference; lastKnownFileType = sourcecode.swift; path = PageRequestDTO.swift; sourceTree = "<group>"; };
		4E66C29429BA859B00796E08 /* InfoMapper.swift */ = {isa = PBXFileReference; lastKnownFileType = sourcecode.swift; path = InfoMapper.swift; sourceTree = "<group>"; };
		4E66C29829BB197400796E08 /* TextExtension.swift */ = {isa = PBXFileReference; lastKnownFileType = sourcecode.swift; path = TextExtension.swift; sourceTree = "<group>"; };
		4E66C29A29BB281200796E08 /* Info.plist */ = {isa = PBXFileReference; lastKnownFileType = text.plist; path = Info.plist; sourceTree = "<group>"; };
		4E66C29B29BB2C3500796E08 /* ColorExtension.swift */ = {isa = PBXFileReference; lastKnownFileType = sourcecode.swift; path = ColorExtension.swift; sourceTree = "<group>"; };
		4E66C2A029BB443500796E08 /* CharacterDetailView.swift */ = {isa = PBXFileReference; lastKnownFileType = sourcecode.swift; path = CharacterDetailView.swift; sourceTree = "<group>"; };
		4E66C2A229BB445000796E08 /* CharacterDetailViewModel.swift */ = {isa = PBXFileReference; lastKnownFileType = sourcecode.swift; path = CharacterDetailViewModel.swift; sourceTree = "<group>"; };
		4E66C2A729BB8FC400796E08 /* ButtonExtension.swift */ = {isa = PBXFileReference; lastKnownFileType = sourcecode.swift; path = ButtonExtension.swift; sourceTree = "<group>"; };
/* End PBXFileReference section */

/* Begin PBXFrameworksBuildPhase section */
		4E66C25629BA0CCC00796E08 /* Frameworks */ = {
			isa = PBXFrameworksBuildPhase;
			buildActionMask = 2147483647;
			files = (
			);
			runOnlyForDeploymentPostprocessing = 0;
		};
/* End PBXFrameworksBuildPhase section */

/* Begin PBXGroup section */
		4E5795CF2BDA48F900B8B846 /* ImageCacher */ = {
			isa = PBXGroup;
			children = (
				4E5795D02BDA492800B8B846 /* RemoteImage.swift */,
				4E5795D22BDA494C00B8B846 /* ImageLoader.swift */,
				4E5795CD2BDA489C00B8B846 /* ImageCache.swift */,
			);
			path = ImageCacher;
			sourceTree = "<group>";
		};
		4E66C25029BA0CCC00796E08 = {
			isa = PBXGroup;
			children = (
				4E66C25B29BA0CCC00796E08 /* RickAndMorty */,
				4E66C25A29BA0CCC00796E08 /* Products */,
			);
			sourceTree = "<group>";
		};
		4E66C25A29BA0CCC00796E08 /* Products */ = {
			isa = PBXGroup;
			children = (
				4E66C25929BA0CCC00796E08 /* RickAndMorty.app */,
			);
			name = Products;
			sourceTree = "<group>";
		};
		4E66C25B29BA0CCC00796E08 /* RickAndMorty */ = {
			isa = PBXGroup;
			children = (
				4E66C29A29BB281200796E08 /* Info.plist */,
				4E66C28429BA752400796E08 /* Utilities */,
				4E66C27C29BA450000796E08 /* errors */,
				4E66C26A29BA1BC700796E08 /* layers */,
				4E66C25C29BA0CCC00796E08 /* RickAndMortyApp.swift */,
				4E66C26029BA0CCE00796E08 /* Assets.xcassets */,
				4E66C26229BA0CCE00796E08 /* Preview Content */,
			);
			path = RickAndMorty;
			sourceTree = "<group>";
		};
		4E66C26229BA0CCE00796E08 /* Preview Content */ = {
			isa = PBXGroup;
			children = (
				4E66C26329BA0CCE00796E08 /* Preview Assets.xcassets */,
			);
			path = "Preview Content";
			sourceTree = "<group>";
		};
		4E66C26A29BA1BC700796E08 /* layers */ = {
			isa = PBXGroup;
			children = (
				4E66C26E29BA1C4500796E08 /* ui */,
				4E66C26D29BA1C3A00796E08 /* repository */,
				4E66C26C29BA1C3400796E08 /* interactors */,
				4E66C26B29BA1C2100796E08 /* model */,
			);
			path = layers;
			sourceTree = "<group>";
		};
		4E66C26B29BA1C2100796E08 /* model */ = {
			isa = PBXGroup;
			children = (
				4E66C28129BA4E5A00796E08 /* mapper */,
				4E66C27E29BA4DDC00796E08 /* bo */,
				4E66C27D29BA4DD200796E08 /* dto */,
			);
			path = model;
			sourceTree = "<group>";
		};
		4E66C26C29BA1C3400796E08 /* interactors */ = {
			isa = PBXGroup;
			children = (
				4E66C27629BA205C00796E08 /* ListCharacterUseCase.swift */,
			);
			path = interactors;
			sourceTree = "<group>";
		};
		4E66C26D29BA1C3A00796E08 /* repository */ = {
			isa = PBXGroup;
			children = (
				4E66C26F29BA1DA700796E08 /* ListCharacterRepository.swift */,
			);
			path = repository;
			sourceTree = "<group>";
		};
		4E66C26E29BA1C4500796E08 /* ui */ = {
			isa = PBXGroup;
			children = (
				4E66C29F29BB438B00796E08 /* CharacterDetail */,
				4E66C27329BA1DED00796E08 /* ListCharacter */,
				4E66C25E29BA0CCC00796E08 /* ContentView.swift */,
			);
			path = ui;
			sourceTree = "<group>";
		};
		4E66C27329BA1DED00796E08 /* ListCharacter */ = {
			isa = PBXGroup;
			children = (
				4E66C27129BA1DC400796E08 /* ListCharacterView.swift */,
				4E66C27429BA1E0E00796E08 /* ListCharacterViewModel.swift */,
			);
			path = ListCharacter;
			sourceTree = "<group>";
		};
		4E66C27C29BA450000796E08 /* errors */ = {
			isa = PBXGroup;
			children = (
				4E66C27A29BA44FB00796E08 /* ErrorApp.swift */,
			);
			path = errors;
			sourceTree = "<group>";
		};
		4E66C27D29BA4DD200796E08 /* dto */ = {
			isa = PBXGroup;
			children = (
				4E66C29229BA857F00796E08 /* PageRequestDTO.swift */,
				4E66C27829BA265A00796E08 /* CharacterDTO.swift */,
				4E66C29029BA857000796E08 /* InfoDTO.swift */,
			);
			path = dto;
			sourceTree = "<group>";
		};
		4E66C27E29BA4DDC00796E08 /* bo */ = {
			isa = PBXGroup;
			children = (
				4E66C28A29BA851900796E08 /* PageRequestBO.swift */,
				4E66C27F29BA4DEE00796E08 /* CharacterBO.swift */,
				4E66C28E29BA855600796E08 /* InfoBO.swift */,
			);
			path = bo;
			sourceTree = "<group>";
		};
		4E66C28129BA4E5A00796E08 /* mapper */ = {
			isa = PBXGroup;
			children = (
				4E66C28829BA84E800796E08 /* RequestMapper.swift */,
				4E66C28229BA4E6D00796E08 /* CharacterMapper.swift */,
				4E66C29429BA859B00796E08 /* InfoMapper.swift */,
			);
			path = mapper;
			sourceTree = "<group>";
		};
		4E66C28429BA752400796E08 /* Utilities */ = {
			isa = PBXGroup;
			children = (
				4E5795CF2BDA48F900B8B846 /* ImageCacher */,
				4E66C29829BB197400796E08 /* TextExtension.swift */,
				4E66C29B29BB2C3500796E08 /* ColorExtension.swift */,
				4E66C2A729BB8FC400796E08 /* ButtonExtension.swift */,
			);
			path = Utilities;
			sourceTree = "<group>";
		};
		4E66C29F29BB438B00796E08 /* CharacterDetail */ = {
			isa = PBXGroup;
			children = (
				4E66C2A029BB443500796E08 /* CharacterDetailView.swift */,
				4E66C2A229BB445000796E08 /* CharacterDetailViewModel.swift */,
			);
			path = CharacterDetail;
			sourceTree = "<group>";
		};
/* End PBXGroup section */

/* Begin PBXNativeTarget section */
		4E66C25829BA0CCC00796E08 /* RickAndMorty */ = {
			isa = PBXNativeTarget;
			buildConfigurationList = 4E66C26729BA0CCE00796E08 /* Build configuration list for PBXNativeTarget "RickAndMorty" */;
			buildPhases = (
				4E66C25529BA0CCC00796E08 /* Sources */,
				4E66C25629BA0CCC00796E08 /* Frameworks */,
				4E66C25729BA0CCC00796E08 /* Resources */,
			);
			buildRules = (
			);
			dependencies = (
			);
			name = RickAndMorty;
			productName = RickAndMorty;
			productReference = 4E66C25929BA0CCC00796E08 /* RickAndMorty.app */;
			productType = "com.apple.product-type.application";
		};
/* End PBXNativeTarget section */

/* Begin PBXProject section */
		4E66C25129BA0CCC00796E08 /* Project object */ = {
			isa = PBXProject;
			attributes = {
				BuildIndependentTargetsInParallel = 1;
				LastSwiftUpdateCheck = 1420;
				LastUpgradeCheck = 1420;
				TargetAttributes = {
					4E66C25829BA0CCC00796E08 = {
						CreatedOnToolsVersion = 14.2;
					};
				};
			};
			buildConfigurationList = 4E66C25429BA0CCC00796E08 /* Build configuration list for PBXProject "RickAndMorty" */;
			compatibilityVersion = "Xcode 14.0";
			developmentRegion = en;
			hasScannedForEncodings = 0;
			knownRegions = (
				en,
				Base,
			);
			mainGroup = 4E66C25029BA0CCC00796E08;
			productRefGroup = 4E66C25A29BA0CCC00796E08 /* Products */;
			projectDirPath = "";
			projectRoot = "";
			targets = (
				4E66C25829BA0CCC00796E08 /* RickAndMorty */,
			);
		};
/* End PBXProject section */

/* Begin PBXResourcesBuildPhase section */
		4E66C25729BA0CCC00796E08 /* Resources */ = {
			isa = PBXResourcesBuildPhase;
			buildActionMask = 2147483647;
			files = (
				4E66C26429BA0CCE00796E08 /* Preview Assets.xcassets in Resources */,
				4E66C26129BA0CCE00796E08 /* Assets.xcassets in Resources */,
			);
			runOnlyForDeploymentPostprocessing = 0;
		};
/* End PBXResourcesBuildPhase section */

/* Begin PBXSourcesBuildPhase section */
		4E66C25529BA0CCC00796E08 /* Sources */ = {
			isa = PBXSourcesBuildPhase;
			buildActionMask = 2147483647;
			files = (
				4E66C2A329BB445000796E08 /* CharacterDetailViewModel.swift in Sources */,
				4E66C28929BA84E800796E08 /* RequestMapper.swift in Sources */,
				4E66C28B29BA851900796E08 /* PageRequestBO.swift in Sources */,
				4E5795D12BDA492800B8B846 /* RemoteImage.swift in Sources */,
				4E66C28329BA4E6D00796E08 /* CharacterMapper.swift in Sources */,
				4E66C29529BA859B00796E08 /* InfoMapper.swift in Sources */,
				4E66C25F29BA0CCC00796E08 /* ContentView.swift in Sources */,
				4E66C27929BA265A00796E08 /* CharacterDTO.swift in Sources */,
				4E66C27729BA205C00796E08 /* ListCharacterUseCase.swift in Sources */,
				4E66C27029BA1DA700796E08 /* ListCharacterRepository.swift in Sources */,
				4E66C28F29BA855600796E08 /* InfoBO.swift in Sources */,
				4E66C29929BB197400796E08 /* TextExtension.swift in Sources */,
				4E66C2A829BB8FC400796E08 /* ButtonExtension.swift in Sources */,
				4E66C27B29BA44FB00796E08 /* ErrorApp.swift in Sources */,
				4E66C27229BA1DC400796E08 /* ListCharacterView.swift in Sources */,
				4E5795CE2BDA489C00B8B846 /* ImageCache.swift in Sources */,
				4E5795D32BDA494C00B8B846 /* ImageLoader.swift in Sources */,
				4E66C27529BA1E0E00796E08 /* ListCharacterViewModel.swift in Sources */,
				4E66C29329BA857F00796E08 /* PageRequestDTO.swift in Sources */,
				4E66C2A129BB443500796E08 /* CharacterDetailView.swift in Sources */,
				4E66C28029BA4DEE00796E08 /* CharacterBO.swift in Sources */,
				4E66C25D29BA0CCC00796E08 /* RickAndMortyApp.swift in Sources */,
				4E66C29129BA857000796E08 /* InfoDTO.swift in Sources */,
				4E66C29C29BB2C3500796E08 /* ColorExtension.swift in Sources */,
			);
			runOnlyForDeploymentPostprocessing = 0;
		};
/* End PBXSourcesBuildPhase section */

/* Begin XCBuildConfiguration section */
		4E66C26529BA0CCE00796E08 /* Debug */ = {
			isa = XCBuildConfiguration;
			buildSettings = {
				ALWAYS_SEARCH_USER_PATHS = NO;
				CLANG_ANALYZER_NONNULL = YES;
				CLANG_ANALYZER_NUMBER_OBJECT_CONVERSION = YES_AGGRESSIVE;
				CLANG_CXX_LANGUAGE_STANDARD = "gnu++20";
				CLANG_ENABLE_MODULES = YES;
				CLANG_ENABLE_OBJC_ARC = YES;
				CLANG_ENABLE_OBJC_WEAK = YES;
				CLANG_WARN_BLOCK_CAPTURE_AUTORELEASING = YES;
				CLANG_WARN_BOOL_CONVERSION = YES;
				CLANG_WARN_COMMA = YES;
				CLANG_WARN_CONSTANT_CONVERSION = YES;
				CLANG_WARN_DEPRECATED_OBJC_IMPLEMENTATIONS = YES;
				CLANG_WARN_DIRECT_OBJC_ISA_USAGE = YES_ERROR;
				CLANG_WARN_DOCUMENTATION_COMMENTS = YES;
				CLANG_WARN_EMPTY_BODY = YES;
				CLANG_WARN_ENUM_CONVERSION = YES;
				CLANG_WARN_INFINITE_RECURSION = YES;
				CLANG_WARN_INT_CONVERSION = YES;
				CLANG_WARN_NON_LITERAL_NULL_CONVERSION = YES;
				CLANG_WARN_OBJC_IMPLICIT_RETAIN_SELF = YES;
				CLANG_WARN_OBJC_LITERAL_CONVERSION = YES;
				CLANG_WARN_OBJC_ROOT_CLASS = YES_ERROR;
				CLANG_WARN_QUOTED_INCLUDE_IN_FRAMEWORK_HEADER = YES;
				CLANG_WARN_RANGE_LOOP_ANALYSIS = YES;
				CLANG_WARN_STRICT_PROTOTYPES = YES;
				CLANG_WARN_SUSPICIOUS_MOVE = YES;
				CLANG_WARN_UNGUARDED_AVAILABILITY = YES_AGGRESSIVE;
				CLANG_WARN_UNREACHABLE_CODE = YES;
				CLANG_WARN__DUPLICATE_METHOD_MATCH = YES;
				COPY_PHASE_STRIP = NO;
				DEBUG_INFORMATION_FORMAT = dwarf;
				ENABLE_STRICT_OBJC_MSGSEND = YES;
				ENABLE_TESTABILITY = YES;
				GCC_C_LANGUAGE_STANDARD = gnu11;
				GCC_DYNAMIC_NO_PIC = NO;
				GCC_NO_COMMON_BLOCKS = YES;
				GCC_OPTIMIZATION_LEVEL = 0;
				GCC_PREPROCESSOR_DEFINITIONS = (
					"DEBUG=1",
					"$(inherited)",
				);
				GCC_WARN_64_TO_32_BIT_CONVERSION = YES;
				GCC_WARN_ABOUT_RETURN_TYPE = YES_ERROR;
				GCC_WARN_UNDECLARED_SELECTOR = YES;
				GCC_WARN_UNINITIALIZED_AUTOS = YES_AGGRESSIVE;
				GCC_WARN_UNUSED_FUNCTION = YES;
				GCC_WARN_UNUSED_VARIABLE = YES;
				IPHONEOS_DEPLOYMENT_TARGET = 17.2;
				MTL_ENABLE_DEBUG_INFO = INCLUDE_SOURCE;
				MTL_FAST_MATH = YES;
				ONLY_ACTIVE_ARCH = YES;
				SDKROOT = iphoneos;
				SWIFT_ACTIVE_COMPILATION_CONDITIONS = DEBUG;
				SWIFT_OPTIMIZATION_LEVEL = "-Onone";
			};
			name = Debug;
		};
		4E66C26629BA0CCE00796E08 /* Release */ = {
			isa = XCBuildConfiguration;
			buildSettings = {
				ALWAYS_SEARCH_USER_PATHS = NO;
				CLANG_ANALYZER_NONNULL = YES;
				CLANG_ANALYZER_NUMBER_OBJECT_CONVERSION = YES_AGGRESSIVE;
				CLANG_CXX_LANGUAGE_STANDARD = "gnu++20";
				CLANG_ENABLE_MODULES = YES;
				CLANG_ENABLE_OBJC_ARC = YES;
				CLANG_ENABLE_OBJC_WEAK = YES;
				CLANG_WARN_BLOCK_CAPTURE_AUTORELEASING = YES;
				CLANG_WARN_BOOL_CONVERSION = YES;
				CLANG_WARN_COMMA = YES;
				CLANG_WARN_CONSTANT_CONVERSION = YES;
				CLANG_WARN_DEPRECATED_OBJC_IMPLEMENTATIONS = YES;
				CLANG_WARN_DIRECT_OBJC_ISA_USAGE = YES_ERROR;
				CLANG_WARN_DOCUMENTATION_COMMENTS = YES;
				CLANG_WARN_EMPTY_BODY = YES;
				CLANG_WARN_ENUM_CONVERSION = YES;
				CLANG_WARN_INFINITE_RECURSION = YES;
				CLANG_WARN_INT_CONVERSION = YES;
				CLANG_WARN_NON_LITERAL_NULL_CONVERSION = YES;
				CLANG_WARN_OBJC_IMPLICIT_RETAIN_SELF = YES;
				CLANG_WARN_OBJC_LITERAL_CONVERSION = YES;
				CLANG_WARN_OBJC_ROOT_CLASS = YES_ERROR;
				CLANG_WARN_QUOTED_INCLUDE_IN_FRAMEWORK_HEADER = YES;
				CLANG_WARN_RANGE_LOOP_ANALYSIS = YES;
				CLANG_WARN_STRICT_PROTOTYPES = YES;
				CLANG_WARN_SUSPICIOUS_MOVE = YES;
				CLANG_WARN_UNGUARDED_AVAILABILITY = YES_AGGRESSIVE;
				CLANG_WARN_UNREACHABLE_CODE = YES;
				CLANG_WARN__DUPLICATE_METHOD_MATCH = YES;
				COPY_PHASE_STRIP = NO;
				DEBUG_INFORMATION_FORMAT = "dwarf-with-dsym";
				ENABLE_NS_ASSERTIONS = NO;
				ENABLE_STRICT_OBJC_MSGSEND = YES;
				GCC_C_LANGUAGE_STANDARD = gnu11;
				GCC_NO_COMMON_BLOCKS = YES;
				GCC_WARN_64_TO_32_BIT_CONVERSION = YES;
				GCC_WARN_ABOUT_RETURN_TYPE = YES_ERROR;
				GCC_WARN_UNDECLARED_SELECTOR = YES;
				GCC_WARN_UNINITIALIZED_AUTOS = YES_AGGRESSIVE;
				GCC_WARN_UNUSED_FUNCTION = YES;
				GCC_WARN_UNUSED_VARIABLE = YES;
				IPHONEOS_DEPLOYMENT_TARGET = 17.2;
				MTL_ENABLE_DEBUG_INFO = NO;
				MTL_FAST_MATH = YES;
				SDKROOT = iphoneos;
				SWIFT_COMPILATION_MODE = wholemodule;
				SWIFT_OPTIMIZATION_LEVEL = "-O";
				VALIDATE_PRODUCT = YES;
			};
			name = Release;
		};
		4E66C26829BA0CCE00796E08 /* Debug */ = {
			isa = XCBuildConfiguration;
			buildSettings = {
				ASSETCATALOG_COMPILER_APPICON_NAME = AppIcon;
				ASSETCATALOG_COMPILER_GLOBAL_ACCENT_COLOR_NAME = AccentColor;
				CODE_SIGN_STYLE = Automatic;
				CURRENT_PROJECT_VERSION = 1;
				DEVELOPMENT_ASSET_PATHS = "\"RickAndMorty/Preview Content\"";
				DEVELOPMENT_TEAM = 8H74RZ4QBR;
				DONT_GENERATE_INFOPLIST_FILE = NO;
				ENABLE_PREVIEWS = YES;
				GENERATE_INFOPLIST_FILE = YES;
				INFOPLIST_FILE = RickAndMorty/Info.plist;
				INFOPLIST_KEY_UIApplicationSupportsIndirectInputEvents = YES;
				INFOPLIST_KEY_UILaunchScreen_Generation = YES;
				INFOPLIST_KEY_UISupportedInterfaceOrientations_iPad = "UIInterfaceOrientationPortrait UIInterfaceOrientationPortraitUpsideDown UIInterfaceOrientationLandscapeLeft UIInterfaceOrientationLandscapeRight";
				INFOPLIST_KEY_UISupportedInterfaceOrientations_iPhone = "UIInterfaceOrientationPortrait UIInterfaceOrientationLandscapeLeft UIInterfaceOrientationLandscapeRight";
				LD_RUNPATH_SEARCH_PATHS = (
					"$(inherited)",
					"@executable_path/Frameworks",
				);
				MARKETING_VERSION = 1.0;
				PRODUCT_BUNDLE_IDENTIFIER = com.jmmata.RickAndMorty;
				PRODUCT_NAME = "$(TARGET_NAME)";
				SWIFT_EMIT_LOC_STRINGS = YES;
				SWIFT_VERSION = 5.0;
				TARGETED_DEVICE_FAMILY = "1,2";
			};
			name = Debug;
		};
		4E66C26929BA0CCE00796E08 /* Release */ = {
			isa = XCBuildConfiguration;
			buildSettings = {
				ASSETCATALOG_COMPILER_APPICON_NAME = AppIcon;
				ASSETCATALOG_COMPILER_GLOBAL_ACCENT_COLOR_NAME = AccentColor;
				CODE_SIGN_STYLE = Automatic;
				CURRENT_PROJECT_VERSION = 1;
				DEVELOPMENT_ASSET_PATHS = "\"RickAndMorty/Preview Content\"";
				DEVELOPMENT_TEAM = 8H74RZ4QBR;
				DONT_GENERATE_INFOPLIST_FILE = NO;
				ENABLE_PREVIEWS = YES;
				GENERATE_INFOPLIST_FILE = YES;
				INFOPLIST_FILE = RickAndMorty/Info.plist;
				INFOPLIST_KEY_UIApplicationSupportsIndirectInputEvents = YES;
				INFOPLIST_KEY_UILaunchScreen_Generation = YES;
				INFOPLIST_KEY_UISupportedInterfaceOrientations_iPad = "UIInterfaceOrientationPortrait UIInterfaceOrientationPortraitUpsideDown UIInterfaceOrientationLandscapeLeft UIInterfaceOrientationLandscapeRight";
				INFOPLIST_KEY_UISupportedInterfaceOrientations_iPhone = "UIInterfaceOrientationPortrait UIInterfaceOrientationLandscapeLeft UIInterfaceOrientationLandscapeRight";
				LD_RUNPATH_SEARCH_PATHS = (
					"$(inherited)",
					"@executable_path/Frameworks",
				);
				MARKETING_VERSION = 1.0;
				PRODUCT_BUNDLE_IDENTIFIER = com.jmmata.RickAndMorty;
				PRODUCT_NAME = "$(TARGET_NAME)";
				SWIFT_EMIT_LOC_STRINGS = YES;
				SWIFT_VERSION = 5.0;
				TARGETED_DEVICE_FAMILY = "1,2";
			};
			name = Release;
		};
/* End XCBuildConfiguration section */

/* Begin XCConfigurationList section */
		4E66C25429BA0CCC00796E08 /* Build configuration list for PBXProject "RickAndMorty" */ = {
			isa = XCConfigurationList;
			buildConfigurations = (
				4E66C26529BA0CCE00796E08 /* Debug */,
				4E66C26629BA0CCE00796E08 /* Release */,
			);
			defaultConfigurationIsVisible = 0;
			defaultConfigurationName = Release;
		};
		4E66C26729BA0CCE00796E08 /* Build configuration list for PBXNativeTarget "RickAndMorty" */ = {
			isa = XCConfigurationList;
			buildConfigurations = (
				4E66C26829BA0CCE00796E08 /* Debug */,
				4E66C26929BA0CCE00796E08 /* Release */,
			);
			defaultConfigurationIsVisible = 0;
			defaultConfigurationName = Release;
		};
/* End XCConfigurationList section */
	};
	rootObject = 4E66C25129BA0CCC00796E08 /* Project object */;
}
